
Microsoft Visual Studio Solution File, Format Version 12.00
# Visual Studio 2012
Project("{FAE04EC0-301F-11D3-BF4B-00C04F79EFBC}") = "PWM_multimedia", "PWM_multimedia\PWM_multimedia.csproj", "{A75C9A26-E235-47B3-AB6E-692CCAA004DF}"
EndProject
Global
	GlobalSection(SolutionConfigurationPlatforms) = preSolution
		Debug|Any CPU = Debug|Any CPU
		Release|Any CPU = Release|Any CPU
	EndGlobalSection
	GlobalSection(ProjectConfigurationPlatforms) = postSolution
		{A75C9A26-E235-47B3-AB6E-692CCAA004DF}.Debug|Any CPU.ActiveCfg = Debug|Any CPU
		{A75C9A26-E235-47B3-AB6E-692CCAA004DF}.Debug|Any CPU.Build.0 = Debug|Any CPU
		{A75C9A26-E235-47B3-AB6E-692CCAA004DF}.Release|Any CPU.ActiveCfg = Release|Any CPU
		{A75C9A26-E235-47B3-AB6E-692CCAA004DF}.Release|Any CPU.Build.0 = Release|Any CPU
	EndGlobalSection
	GlobalSection(SolutionProperties) = preSolution
		HideSolutionNode = FALSE
	EndGlobalSection
EndGlobal
